// !$*UTF8*$!
{
	archiveVersion = 1;
	classes = {
	};
	objectVersion = 46;
	objects = {

/* Begin PBXBuildFile section */
		BE14EAC41DA670DE0091772E /* AppDelegate.swift in Sources */ = {isa = PBXBuildFile; fileRef = BE14EAC31DA670DE0091772E /* AppDelegate.swift */; };
		BE14EAC61DA670DE0091772E /* ViewController.swift in Sources */ = {isa = PBXBuildFile; fileRef = BE14EAC51DA670DE0091772E /* ViewController.swift */; };
		BE14EAC91DA670DE0091772E /* Main.storyboard in Resources */ = {isa = PBXBuildFile; fileRef = BE14EAC71DA670DE0091772E /* Main.storyboard */; };
		BE14EACB1DA670DE0091772E /* Assets.xcassets in Resources */ = {isa = PBXBuildFile; fileRef = BE14EACA1DA670DE0091772E /* Assets.xcassets */; };
		BE14EACE1DA670DE0091772E /* LaunchScreen.storyboard in Resources */ = {isa = PBXBuildFile; fileRef = BE14EACC1DA670DE0091772E /* LaunchScreen.storyboard */; };
		BEE0F0B21E0222C900D4F4BB /* RegisterPageViewController.swift in Sources */ = {isa = PBXBuildFile; fileRef = BEE0F0B11E0222C900D4F4BB /* RegisterPageViewController.swift */; };
/* End PBXBuildFile section */

/* Begin PBXFileReference section */
		BE14EAC01DA670DE0091772E /* badinClubs.app */ = {isa = PBXFileReference; explicitFileType = wrapper.application; includeInIndex = 0; path = badinClubs.app; sourceTree = BUILT_PRODUCTS_DIR; };
		BE14EAC31DA670DE0091772E /* AppDelegate.swift */ = {isa = PBXFileReference; lastKnownFileType = sourcecode.swift; path = AppDelegate.swift; sourceTree = "<group>"; };
		BE14EAC51DA670DE0091772E /* ViewController.swift */ = {isa = PBXFileReference; lastKnownFileType = sourcecode.swift; path = ViewController.swift; sourceTree = "<group>"; };
		BE14EAC81DA670DE0091772E /* Base */ = {isa = PBXFileReference; lastKnownFileType = file.storyboard; name = Base; path = Base.lproj/Main.storyboard; sourceTree = "<group>"; };
		BE14EACA1DA670DE0091772E /* Assets.xcassets */ = {isa = PBXFileReference; lastKnownFileType = folder.assetcatalog; path = Assets.xcassets; sourceTree = "<group>"; };
		BE14EACD1DA670DE0091772E /* Base */ = {isa = PBXFileReference; lastKnownFileType = file.storyboard; name = Base; path = Base.lproj/LaunchScreen.storyboard; sourceTree = "<group>"; };
		BE14EACF1DA670DE0091772E /* Info.plist */ = {isa = PBXFileReference; lastKnownFileType = text.plist.xml; path = Info.plist; sourceTree = "<group>"; };
		BEE0F0B11E0222C900D4F4BB /* RegisterPageViewController.swift */ = {isa = PBXFileReference; fileEncoding = 4; lastKnownFileType = sourcecode.swift; name = RegisterPageViewController.swift; path = ../RegisterPageViewController.swift; sourceTree = "<group>"; };
/* End PBXFileReference section */

/* Begin PBXFrameworksBuildPhase section */
		BE14EABD1DA670DE0091772E /* Frameworks */ = {
			isa = PBXFrameworksBuildPhase;
			buildActionMask = 2147483647;
			files = (
			);
			runOnlyForDeploymentPostprocessing = 0;
		};
/* End PBXFrameworksBuildPhase section */

/* Begin PBXGroup section */
		BE14EAB71DA670DE0091772E = {
			isa = PBXGroup;
			children = (
				BE14EAC21DA670DE0091772E /* badinClubs */,
				BEE0F0B31E02232E00D4F4BB /* Supporting Files */,
				BE14EAC11DA670DE0091772E /* Products */,
			);
			sourceTree = "<group>";
		};
		BE14EAC11DA670DE0091772E /* Products */ = {
			isa = PBXGroup;
			children = (
				BE14EAC01DA670DE0091772E /* badinClubs.app */,
			);
			name = Products;
			sourceTree = "<group>";
		};
		BE14EAC21DA670DE0091772E /* badinClubs */ = {
			isa = PBXGroup;
			children = (
				BE14EAC31DA670DE0091772E /* AppDelegate.swift */,
				BE14EAC51DA670DE0091772E /* ViewController.swift */,
				BE14EAC71DA670DE0091772E /* Main.storyboard */,
				BE14EACA1DA670DE0091772E /* Assets.xcassets */,
				BE14EACC1DA670DE0091772E /* LaunchScreen.storyboard */,
				BE14EACF1DA670DE0091772E /* Info.plist */,
			);
			path = badinClubs;
			sourceTree = "<group>";
		};
		BEE0F0B31E02232E00D4F4BB /* Supporting Files */ = {
			isa = PBXGroup;
			children = (
				BEE0F0B11E0222C900D4F4BB /* RegisterPageViewController.swift */,
			);
			name = "Supporting Files";
			path = badinClubs;
			sourceTree = "<group>";
		};
/* End PBXGroup section */

/* Begin PBXNativeTarget section */
		BE14EABF1DA670DE0091772E /* badinClubs */ = {
			isa = PBXNativeTarget;
			buildConfigurationList = BE14EAD21DA670DE0091772E /* Build configuration list for PBXNativeTarget "badinClubs" */;
			buildPhases = (
				BE14EABC1DA670DE0091772E /* Sources */,
				BE14EABD1DA670DE0091772E /* Frameworks */,
				BE14EABE1DA670DE0091772E /* Resources */,
			);
			buildRules = (
			);
			dependencies = (
			);
			name = badinClubs;
			productName = badinClubs;
			productReference = BE14EAC01DA670DE0091772E /* badinClubs.app */;
			productType = "com.apple.product-type.application";
		};
/* End PBXNativeTarget section */

/* Begin PBXProject section */
		BE14EAB81DA670DE0091772E /* Project object */ = {
			isa = PBXProject;
			attributes = {
				LastSwiftUpdateCheck = 0800;
				LastUpgradeCheck = 0800;
				ORGANIZATIONNAME = BHSRam9;
				TargetAttributes = {
					BE14EABF1DA670DE0091772E = {
						CreatedOnToolsVersion = 8.0;
						ProvisioningStyle = Automatic;
					};
				};
			};
			buildConfigurationList = BE14EABB1DA670DE0091772E /* Build configuration list for PBXProject "badinClubs" */;
			compatibilityVersion = "Xcode 3.2";
			developmentRegion = English;
			hasScannedForEncodings = 0;
			knownRegions = (
				en,
				Base,
			);
			mainGroup = BE14EAB71DA670DE0091772E;
			productRefGroup = BE14EAC11DA670DE0091772E /* Products */;
			projectDirPath = "";
			projectRoot = "";
			targets = (
				BE14EABF1DA670DE0091772E /* badinClubs */,
			);
		};
/* End PBXProject section */

/* Begin PBXResourcesBuildPhase section */
		BE14EABE1DA670DE0091772E /* Resources */ = {
			isa = PBXResourcesBuildPhase;
			buildActionMask = 2147483647;
			files = (
				BE14EACE1DA670DE0091772E /* LaunchScreen.storyboard in Resources */,
				BE14EACB1DA670DE0091772E /* Assets.xcassets in Resources */,
				BE14EAC91DA670DE0091772E /* Main.storyboard in Resources */,
			);
			runOnlyForDeploymentPostprocessing = 0;
		};
/* End PBXResourcesBuildPhase section */

/* Begin PBXSourcesBuildPhase section */
		BE14EABC1DA670DE0091772E /* Sources */ = {
			isa = PBXSourcesBuildPhase;
			buildActionMask = 2147483647;
			files = (
				BEE0F0B21E0222C900D4F4BB /* RegisterPageViewController.swift in Sources */,
				BE14EAC61DA670DE0091772E /* ViewController.swift in Sources */,
				BE14EAC41DA670DE0091772E /* AppDelegate.swift in Sources */,
			);
			runOnlyForDeploymentPostprocessing = 0;
		};
/* End PBXSourcesBuildPhase section */

/* Begin PBXVariantGroup section */
		BE14EAC71DA670DE0091772E /* Main.storyboard */ = {
			isa = PBXVariantGroup;
			children = (
				BE14EAC81DA670DE0091772E /* Base */,
			);
			name = Main.storyboard;
			sourceTree = "<group>";
		};
		BE14EACC1DA670DE0091772E /* LaunchScreen.storyboard */ = {
			isa = PBXVariantGroup;
			children = (
				BE14EACD1DA670DE0091772E /* Base */,
			);
			name = LaunchScreen.storyboard;
			sourceTree = "<group>";
		};
/* End PBXVariantGroup section */

/* Begin XCBuildConfiguration section */
		BE14EAD01DA670DE0091772E /* Debug */ = {
			isa = XCBuildConfiguration;
			buildSettings = {
				ALWAYS_SEARCH_USER_PATHS = NO;
				CLANG_ANALYZER_NONNULL = YES;
				CLANG_CXX_LANGUAGE_STANDARD = "gnu++0x";
				CLANG_CXX_LIBRARY = "libc++";
				CLANG_ENABLE_MODULES = YES;
				CLANG_ENABLE_OBJC_ARC = YES;
				CLANG_WARN_BOOL_CONVERSION = YES;
				CLANG_WARN_CONSTANT_CONVERSION = YES;
				CLANG_WARN_DIRECT_OBJC_ISA_USAGE = YES_ERROR;
				CLANG_WARN_DOCUMENTATION_COMMENTS = YES;
				CLANG_WARN_EMPTY_BODY = YES;
				CLANG_WARN_ENUM_CONVERSION = YES;
				CLANG_WARN_INFINITE_RECURSION = YES;
				CLANG_WARN_INT_CONVERSION = YES;
				CLANG_WARN_OBJC_ROOT_CLASS = YES_ERROR;
				CLANG_WARN_SUSPICIOUS_MOVES = YES;
				CLANG_WARN_UNREACHABLE_CODE = YES;
				CLANG_WARN__DUPLICATE_METHOD_MATCH = YES;
				"CODE_SIGN_IDENTITY[sdk=iphoneos*]" = "iPhone Developer";
				COPY_PHASE_STRIP = NO;
				DEBUG_INFORMATION_FORMAT = dwarf;
				ENABLE_STRICT_OBJC_MSGSEND = YES;
				ENABLE_TESTABILITY = YES;
				GCC_C_LANGUAGE_STANDARD = gnu99;
				GCC_DYNAMIC_NO_PIC = NO;
				GCC_NO_COMMON_BLOCKS = YES;
				GCC_OPTIMIZATION_LEVEL = 0;
				GCC_PREPROCESSOR_DEFINITIONS = (
					"DEBUG=1",
					"$(inherited)",
				);
				GCC_WARN_64_TO_32_BIT_CONVERSION = YES;
				GCC_WARN_ABOUT_RETURN_TYPE = YES_ERROR;
				GCC_WARN_UNDECLARED_SELECTOR = YES;
				GCC_WARN_UNINITIALIZED_AUTOS = YES_AGGRESSIVE;
				GCC_WARN_UNUSED_FUNCTION = YES;
				GCC_WARN_UNUSED_VARIABLE = YES;
				IPHONEOS_DEPLOYMENT_TARGET = 10.0;
				MTL_ENABLE_DEBUG_INFO = YES;
				ONLY_ACTIVE_ARCH = YES;
				SDKROOT = iphoneos;
				SWIFT_ACTIVE_COMPILATION_CONDITIONS = DEBUG;
				SWIFT_OPTIMIZATION_LEVEL = "-Onone";
				TARGETED_DEVICE_FAMILY = "1,2";
			};
			name = Debug;
		};
		BE14EAD11DA670DE0091772E /* Release */ = {
			isa = XCBuildConfiguration;
			buildSettings = {
				ALWAYS_SEARCH_USER_PATHS = NO;
				CLANG_ANALYZER_NONNULL = YES;
				CLANG_CXX_LANGUAGE_STANDARD = "gnu++0x";
				CLANG_CXX_LIBRARY = "libc++";
				CLANG_ENABLE_MODULES = YES;
				CLANG_ENABLE_OBJC_ARC = YES;
				CLANG_WARN_BOOL_CONVERSION = YES;
				CLANG_WARN_CONSTANT_CONVERSION = YES;
				CLANG_WARN_DIRECT_OBJC_ISA_USAGE = YES_ERROR;
				CLANG_WARN_DOCUMENTATION_COMMENTS = YES;
				CLANG_WARN_EMPTY_BODY = YES;
				CLANG_WARN_ENUM_CONVERSION = YES;
				CLANG_WARN_INFINITE_RECURSION = YES;
				CLANG_WARN_INT_CONVERSION = YES;
				CLANG_WARN_OBJC_ROOT_CLASS = YES_ERROR;
				CLANG_WARN_SUSPICIOUS_MOVES = YES;
				CLANG_WARN_UNREACHABLE_CODE = YES;
				CLANG_WARN__DUPLICATE_METHOD_MATCH = YES;
				"CODE_SIGN_IDENTITY[sdk=iphoneos*]" = "iPhone Developer";
				COPY_PHASE_STRIP = NO;
				DEBUG_INFORMATION_FORMAT = "dwarf-with-dsym";
				ENABLE_NS_ASSERTIONS = NO;
				ENABLE_STRICT_OBJC_MSGSEND = YES;
				GCC_C_LANGUAGE_STANDARD = gnu99;
				GCC_NO_COMMON_BLOCKS = YES;
				GCC_WARN_64_TO_32_BIT_CONVERSION = YES;
				GCC_WARN_ABOUT_RETURN_TYPE = YES_ERROR;
				GCC_WARN_UNDECLARED_SELECTOR = YES;
				GCC_WARN_UNINITIALIZED_AUTOS = YES_AGGRESSIVE;
				GCC_WARN_UNUSED_FUNCTION = YES;
				GCC_WARN_UNUSED_VARIABLE = YES;
				IPHONEOS_DEPLOYMENT_TARGET = 10.0;
				MTL_ENABLE_DEBUG_INFO = NO;
				SDKROOT = iphoneos;
				SWIFT_OPTIMIZATION_LEVEL = "-Owholemodule";
				TARGETED_DEVICE_FAMILY = "1,2";
				VALIDATE_PRODUCT = YES;
			};
			name = Release;
		};
		BE14EAD31DA670DE0091772E /* Debug */ = {
			isa = XCBuildConfiguration;
			buildSettings = {
				ASSETCATALOG_COMPILER_APPICON_NAME = AppIcon;
				INFOPLIST_FILE = badinClubs/Info.plist;
				LD_RUNPATH_SEARCH_PATHS = "$(inherited) @executable_path/Frameworks";
				PRODUCT_BUNDLE_IDENTIFIER = badin.badinClubs;
				PRODUCT_NAME = "$(TARGET_NAME)";
				SWIFT_VERSION = 3.0;
			};
			name = Debug;
		};
		BE14EAD41DA670DE0091772E /* Release */ = {
			isa = XCBuildConfiguration;
			buildSettings = {
				ASSETCATALOG_COMPILER_APPICON_NAME = AppIcon;
				INFOPLIST_FILE = badinClubs/Info.plist;
				LD_RUNPATH_SEARCH_PATHS = "$(inherited) @executable_path/Frameworks";
				PRODUCT_BUNDLE_IDENTIFIER = badin.badinClubs;
				PRODUCT_NAME = "$(TARGET_NAME)";
				SWIFT_VERSION = 3.0;
			};
			name = Release;
		};
/* End XCBuildConfiguration section */

/* Begin XCConfigurationList section */
		BE14EABB1DA670DE0091772E /* Build configuration list for PBXProject "badinClubs" */ = {
			isa = XCConfigurationList;
			buildConfigurations = (
				BE14EAD01DA670DE0091772E /* Debug */,
				BE14EAD11DA670DE0091772E /* Release */,
			);
			defaultConfigurationIsVisible = 0;
			defaultConfigurationName = Release;
		};
		BE14EAD21DA670DE0091772E /* Build configuration list for PBXNativeTarget "badinClubs" */ = {
			isa = XCConfigurationList;
			buildConfigurations = (
				BE14EAD31DA670DE0091772E /* Debug */,
				BE14EAD41DA670DE0091772E /* Release */,
			);
			defaultConfigurationIsVisible = 0;
			defaultConfigurationName = Release;
		};
/* End XCConfigurationList section */
	};
	rootObject = BE14EAB81DA670DE0091772E /* Project object */;
}
